// !$*UTF8*$!
{
	archiveVersion = 1;
	classes = {
	};
	objectVersion = 50;
	objects = {

/* Begin PBXBuildFile section */
		3802F561233BD15700C67DC6 /* VBTeamManager.swift in Sources */ = {isa = PBXBuildFile; fileRef = 3802F560233BD15700C67DC6 /* VBTeamManager.swift */; };
		382B0C0B23335ECF003A4524 /* VolleyballHub.xcdatamodeld in Sources */ = {isa = PBXBuildFile; fileRef = 382B0C0923335ECF003A4524 /* VolleyballHub.xcdatamodeld */; };
		382B0C2E2333FBEE003A4524 /* VBPersistentContainer.swift in Sources */ = {isa = PBXBuildFile; fileRef = 382B0C2D2333FBEE003A4524 /* VBPersistentContainer.swift */; };
		3861E6F6235404F800E08DA9 /* VBTableViewCellInfo.swift in Sources */ = {isa = PBXBuildFile; fileRef = 3861E6F5235404F800E08DA9 /* VBTableViewCellInfo.swift */; };
		38B5677A232C6DE1007960DB /* AppDelegate.swift in Sources */ = {isa = PBXBuildFile; fileRef = 38B56779232C6DE1007960DB /* AppDelegate.swift */; };
		38B5677C232C6DE1007960DB /* VBFullCourtViewController.swift in Sources */ = {isa = PBXBuildFile; fileRef = 38B5677B232C6DE1007960DB /* VBFullCourtViewController.swift */; };
		38B5677F232C6DE1007960DB /* Main.storyboard in Resources */ = {isa = PBXBuildFile; fileRef = 38B5677D232C6DE1007960DB /* Main.storyboard */; };
		38B56781232C6DE3007960DB /* Assets.xcassets in Resources */ = {isa = PBXBuildFile; fileRef = 38B56780232C6DE3007960DB /* Assets.xcassets */; };
		38B56784232C6DE3007960DB /* LaunchScreen.storyboard in Resources */ = {isa = PBXBuildFile; fileRef = 38B56782232C6DE3007960DB /* LaunchScreen.storyboard */; };
		38B56790232DA1D0007960DB /* VBHalfCourtViewController.swift in Sources */ = {isa = PBXBuildFile; fileRef = 38B5678F232DA1D0007960DB /* VBHalfCourtViewController.swift */; };
		38B56794232F0D7E007960DB /* VBBaseViewController.swift in Sources */ = {isa = PBXBuildFile; fileRef = 38B56793232F0D7E007960DB /* VBBaseViewController.swift */; };
		38B56796232F4FA9007960DB /* VBMenuViewController.swift in Sources */ = {isa = PBXBuildFile; fileRef = 38B56795232F4FA9007960DB /* VBMenuViewController.swift */; };
		38B56798232FF2C1007960DB /* VBMenuTableViewCell.swift in Sources */ = {isa = PBXBuildFile; fileRef = 38B56797232FF2C1007960DB /* VBMenuTableViewCell.swift */; };
		38B5679A232FF7AC007960DB /* VBConstants.swift in Sources */ = {isa = PBXBuildFile; fileRef = 38B56799232FF7AC007960DB /* VBConstants.swift */; };
		38B5679C23300717007960DB /* VBCreateTeamViewController.swift in Sources */ = {isa = PBXBuildFile; fileRef = 38B5679B23300717007960DB /* VBCreateTeamViewController.swift */; };
		38B567A02332AB0A007960DB /* VBAddPlayerViewController.swift in Sources */ = {isa = PBXBuildFile; fileRef = 38B5679F2332AB0A007960DB /* VBAddPlayerViewController.swift */; };
		38F81FC0234E8B7100EC0A51 /* VBSwitchTeamViewController.swift in Sources */ = {isa = PBXBuildFile; fileRef = 38F81FBF234E8B7100EC0A51 /* VBSwitchTeamViewController.swift */; };
/* End PBXBuildFile section */

/* Begin PBXFileReference section */
		3802F560233BD15700C67DC6 /* VBTeamManager.swift */ = {isa = PBXFileReference; lastKnownFileType = sourcecode.swift; path = VBTeamManager.swift; sourceTree = "<group>"; };
		382B0C0A23335ECF003A4524 /* VolleyballHub.xcdatamodel */ = {isa = PBXFileReference; lastKnownFileType = wrapper.xcdatamodel; path = VolleyballHub.xcdatamodel; sourceTree = "<group>"; };
		382B0C2D2333FBEE003A4524 /* VBPersistentContainer.swift */ = {isa = PBXFileReference; lastKnownFileType = sourcecode.swift; path = VBPersistentContainer.swift; sourceTree = "<group>"; };
		3861E6F5235404F800E08DA9 /* VBTableViewCellInfo.swift */ = {isa = PBXFileReference; lastKnownFileType = sourcecode.swift; path = VBTableViewCellInfo.swift; sourceTree = "<group>"; };
		38B56776232C6DE1007960DB /* VolleyballHub.app */ = {isa = PBXFileReference; explicitFileType = wrapper.application; includeInIndex = 0; path = VolleyballHub.app; sourceTree = BUILT_PRODUCTS_DIR; };
		38B56779232C6DE1007960DB /* AppDelegate.swift */ = {isa = PBXFileReference; lastKnownFileType = sourcecode.swift; path = AppDelegate.swift; sourceTree = "<group>"; };
		38B5677B232C6DE1007960DB /* VBFullCourtViewController.swift */ = {isa = PBXFileReference; lastKnownFileType = sourcecode.swift; path = VBFullCourtViewController.swift; sourceTree = "<group>"; };
		38B5677E232C6DE1007960DB /* Base */ = {isa = PBXFileReference; lastKnownFileType = file.storyboard; name = Base; path = Base.lproj/Main.storyboard; sourceTree = "<group>"; };
		38B56780232C6DE3007960DB /* Assets.xcassets */ = {isa = PBXFileReference; lastKnownFileType = folder.assetcatalog; path = Assets.xcassets; sourceTree = "<group>"; };
		38B56783232C6DE3007960DB /* Base */ = {isa = PBXFileReference; lastKnownFileType = file.storyboard; name = Base; path = Base.lproj/LaunchScreen.storyboard; sourceTree = "<group>"; };
		38B56785232C6DE3007960DB /* Info.plist */ = {isa = PBXFileReference; lastKnownFileType = text.plist.xml; path = Info.plist; sourceTree = "<group>"; };
		38B5678F232DA1D0007960DB /* VBHalfCourtViewController.swift */ = {isa = PBXFileReference; lastKnownFileType = sourcecode.swift; path = VBHalfCourtViewController.swift; sourceTree = "<group>"; };
		38B56793232F0D7E007960DB /* VBBaseViewController.swift */ = {isa = PBXFileReference; lastKnownFileType = sourcecode.swift; path = VBBaseViewController.swift; sourceTree = "<group>"; };
		38B56795232F4FA9007960DB /* VBMenuViewController.swift */ = {isa = PBXFileReference; lastKnownFileType = sourcecode.swift; path = VBMenuViewController.swift; sourceTree = "<group>"; };
		38B56797232FF2C1007960DB /* VBMenuTableViewCell.swift */ = {isa = PBXFileReference; lastKnownFileType = sourcecode.swift; path = VBMenuTableViewCell.swift; sourceTree = "<group>"; };
		38B56799232FF7AC007960DB /* VBConstants.swift */ = {isa = PBXFileReference; lastKnownFileType = sourcecode.swift; path = VBConstants.swift; sourceTree = "<group>"; };
		38B5679B23300717007960DB /* VBCreateTeamViewController.swift */ = {isa = PBXFileReference; lastKnownFileType = sourcecode.swift; path = VBCreateTeamViewController.swift; sourceTree = "<group>"; };
		38B5679F2332AB0A007960DB /* VBAddPlayerViewController.swift */ = {isa = PBXFileReference; lastKnownFileType = sourcecode.swift; path = VBAddPlayerViewController.swift; sourceTree = "<group>"; };
		38F81FBF234E8B7100EC0A51 /* VBSwitchTeamViewController.swift */ = {isa = PBXFileReference; lastKnownFileType = sourcecode.swift; path = VBSwitchTeamViewController.swift; sourceTree = "<group>"; };
/* End PBXFileReference section */

/* Begin PBXFrameworksBuildPhase section */
		38B56773232C6DE1007960DB /* Frameworks */ = {
			isa = PBXFrameworksBuildPhase;
			buildActionMask = 2147483647;
			files = (
			);
			runOnlyForDeploymentPostprocessing = 0;
		};
/* End PBXFrameworksBuildPhase section */

/* Begin PBXGroup section */
		3802F55E233BC9A000C67DC6 /* ViewControllers */ = {
			isa = PBXGroup;
			children = (
				38B5679F2332AB0A007960DB /* VBAddPlayerViewController.swift */,
				38B5677B232C6DE1007960DB /* VBFullCourtViewController.swift */,
				38B5678F232DA1D0007960DB /* VBHalfCourtViewController.swift */,
				38B56793232F0D7E007960DB /* VBBaseViewController.swift */,
				38B56795232F4FA9007960DB /* VBMenuViewController.swift */,
				38B5679B23300717007960DB /* VBCreateTeamViewController.swift */,
				38F81FBF234E8B7100EC0A51 /* VBSwitchTeamViewController.swift */,
			);
			path = ViewControllers;
			sourceTree = "<group>";
		};
		3802F55F233BD0B900C67DC6 /* Data */ = {
			isa = PBXGroup;
			children = (
				3802F560233BD15700C67DC6 /* VBTeamManager.swift */,
			);
			path = Data;
			sourceTree = "<group>";
		};
		38B5676D232C6DE1007960DB = {
			isa = PBXGroup;
			children = (
				38B56778232C6DE1007960DB /* VolleyballHub */,
				38B56777232C6DE1007960DB /* Products */,
			);
			sourceTree = "<group>";
		};
		38B56777232C6DE1007960DB /* Products */ = {
			isa = PBXGroup;
			children = (
				38B56776232C6DE1007960DB /* VolleyballHub.app */,
			);
			name = Products;
			sourceTree = "<group>";
		};
		38B56778232C6DE1007960DB /* VolleyballHub */ = {
			isa = PBXGroup;
			children = (
				3802F55F233BD0B900C67DC6 /* Data */,
				3802F55E233BC9A000C67DC6 /* ViewControllers */,
				382B0C0923335ECF003A4524 /* VolleyballHub.xcdatamodeld */,
				38B56779232C6DE1007960DB /* AppDelegate.swift */,
				38B5677D232C6DE1007960DB /* Main.storyboard */,
				38B56780232C6DE3007960DB /* Assets.xcassets */,
				38B56782232C6DE3007960DB /* LaunchScreen.storyboard */,
				38B56785232C6DE3007960DB /* Info.plist */,
				38B56799232FF7AC007960DB /* VBConstants.swift */,
				38B56797232FF2C1007960DB /* VBMenuTableViewCell.swift */,
				3861E6F5235404F800E08DA9 /* VBTableViewCellInfo.swift */,
				382B0C2D2333FBEE003A4524 /* VBPersistentContainer.swift */,
			);
			path = VolleyballHub;
			sourceTree = "<group>";
		};
/* End PBXGroup section */

/* Begin PBXNativeTarget section */
		38B56775232C6DE1007960DB /* VolleyballHub */ = {
			isa = PBXNativeTarget;
			buildConfigurationList = 38B56788232C6DE3007960DB /* Build configuration list for PBXNativeTarget "VolleyballHub" */;
			buildPhases = (
				38B56772232C6DE1007960DB /* Sources */,
				38B56773232C6DE1007960DB /* Frameworks */,
				38B56774232C6DE1007960DB /* Resources */,
			);
			buildRules = (
			);
			dependencies = (
			);
			name = VolleyballHub;
			productName = VolleyballHub;
			productReference = 38B56776232C6DE1007960DB /* VolleyballHub.app */;
			productType = "com.apple.product-type.application";
		};
/* End PBXNativeTarget section */

/* Begin PBXProject section */
		38B5676E232C6DE1007960DB /* Project object */ = {
			isa = PBXProject;
			attributes = {
				LastSwiftUpdateCheck = 1030;
				LastUpgradeCheck = 1030;
				ORGANIZATIONNAME = "Connor Dunham";
				TargetAttributes = {
					38B56775232C6DE1007960DB = {
						CreatedOnToolsVersion = 10.3;
					};
				};
			};
			buildConfigurationList = 38B56771232C6DE1007960DB /* Build configuration list for PBXProject "VolleyballHub" */;
			compatibilityVersion = "Xcode 9.3";
			developmentRegion = en;
			hasScannedForEncodings = 0;
			knownRegions = (
				en,
				Base,
			);
			mainGroup = 38B5676D232C6DE1007960DB;
			productRefGroup = 38B56777232C6DE1007960DB /* Products */;
			projectDirPath = "";
			projectRoot = "";
			targets = (
				38B56775232C6DE1007960DB /* VolleyballHub */,
			);
		};
/* End PBXProject section */

/* Begin PBXResourcesBuildPhase section */
		38B56774232C6DE1007960DB /* Resources */ = {
			isa = PBXResourcesBuildPhase;
			buildActionMask = 2147483647;
			files = (
				38B56784232C6DE3007960DB /* LaunchScreen.storyboard in Resources */,
				38B56781232C6DE3007960DB /* Assets.xcassets in Resources */,
				38B5677F232C6DE1007960DB /* Main.storyboard in Resources */,
			);
			runOnlyForDeploymentPostprocessing = 0;
		};
/* End PBXResourcesBuildPhase section */

/* Begin PBXSourcesBuildPhase section */
		38B56772232C6DE1007960DB /* Sources */ = {
			isa = PBXSourcesBuildPhase;
			buildActionMask = 2147483647;
			files = (
				3802F561233BD15700C67DC6 /* VBTeamManager.swift in Sources */,
				38B56798232FF2C1007960DB /* VBMenuTableViewCell.swift in Sources */,
				382B0C0B23335ECF003A4524 /* VolleyballHub.xcdatamodeld in Sources */,
				38B5679A232FF7AC007960DB /* VBConstants.swift in Sources */,
				38B5677C232C6DE1007960DB /* VBFullCourtViewController.swift in Sources */,
				3861E6F6235404F800E08DA9 /* VBTableViewCellInfo.swift in Sources */,
				38B56794232F0D7E007960DB /* VBBaseViewController.swift in Sources */,
				38B5677A232C6DE1007960DB /* AppDelegate.swift in Sources */,
				382B0C2E2333FBEE003A4524 /* VBPersistentContainer.swift in Sources */,
				38B5679C23300717007960DB /* VBCreateTeamViewController.swift in Sources */,
				38B567A02332AB0A007960DB /* VBAddPlayerViewController.swift in Sources */,
				38B56790232DA1D0007960DB /* VBHalfCourtViewController.swift in Sources */,
				38B56796232F4FA9007960DB /* VBMenuViewController.swift in Sources */,
				38F81FC0234E8B7100EC0A51 /* VBSwitchTeamViewController.swift in Sources */,
			);
			runOnlyForDeploymentPostprocessing = 0;
		};
/* End PBXSourcesBuildPhase section */

/* Begin PBXVariantGroup section */
		38B5677D232C6DE1007960DB /* Main.storyboard */ = {
			isa = PBXVariantGroup;
			children = (
				38B5677E232C6DE1007960DB /* Base */,
			);
			name = Main.storyboard;
			sourceTree = "<group>";
		};
		38B56782232C6DE3007960DB /* LaunchScreen.storyboard */ = {
			isa = PBXVariantGroup;
			children = (
				38B56783232C6DE3007960DB /* Base */,
			);
			name = LaunchScreen.storyboard;
			sourceTree = "<group>";
		};
/* End PBXVariantGroup section */

/* Begin XCBuildConfiguration section */
		38B56786232C6DE3007960DB /* Debug */ = {
			isa = XCBuildConfiguration;
			buildSettings = {
				ALWAYS_SEARCH_USER_PATHS = NO;
				CLANG_ANALYZER_NONNULL = YES;
				CLANG_ANALYZER_NUMBER_OBJECT_CONVERSION = YES_AGGRESSIVE;
				CLANG_CXX_LANGUAGE_STANDARD = "gnu++14";
				CLANG_CXX_LIBRARY = "libc++";
				CLANG_ENABLE_MODULES = YES;
				CLANG_ENABLE_OBJC_ARC = YES;
				CLANG_ENABLE_OBJC_WEAK = YES;
				CLANG_WARN_BLOCK_CAPTURE_AUTORELEASING = YES;
				CLANG_WARN_BOOL_CONVERSION = YES;
				CLANG_WARN_COMMA = YES;
				CLANG_WARN_CONSTANT_CONVERSION = YES;
				CLANG_WARN_DEPRECATED_OBJC_IMPLEMENTATIONS = YES;
				CLANG_WARN_DIRECT_OBJC_ISA_USAGE = YES_ERROR;
				CLANG_WARN_DOCUMENTATION_COMMENTS = YES;
				CLANG_WARN_EMPTY_BODY = YES;
				CLANG_WARN_ENUM_CONVERSION = YES;
				CLANG_WARN_INFINITE_RECURSION = YES;
				CLANG_WARN_INT_CONVERSION = YES;
				CLANG_WARN_NON_LITERAL_NULL_CONVERSION = YES;
				CLANG_WARN_OBJC_IMPLICIT_RETAIN_SELF = YES;
				CLANG_WARN_OBJC_LITERAL_CONVERSION = YES;
				CLANG_WARN_OBJC_ROOT_CLASS = YES_ERROR;
				CLANG_WARN_RANGE_LOOP_ANALYSIS = YES;
				CLANG_WARN_STRICT_PROTOTYPES = YES;
				CLANG_WARN_SUSPICIOUS_MOVE = YES;
				CLANG_WARN_UNGUARDED_AVAILABILITY = YES_AGGRESSIVE;
				CLANG_WARN_UNREACHABLE_CODE = YES;
				CLANG_WARN__DUPLICATE_METHOD_MATCH = YES;
				CODE_SIGN_IDENTITY = "iPhone Developer";
				COPY_PHASE_STRIP = NO;
				DEBUG_INFORMATION_FORMAT = dwarf;
				ENABLE_STRICT_OBJC_MSGSEND = YES;
				ENABLE_TESTABILITY = YES;
				GCC_C_LANGUAGE_STANDARD = gnu11;
				GCC_DYNAMIC_NO_PIC = NO;
				GCC_NO_COMMON_BLOCKS = YES;
				GCC_OPTIMIZATION_LEVEL = 0;
				GCC_PREPROCESSOR_DEFINITIONS = (
					"DEBUG=1",
					"$(inherited)",
				);
				GCC_WARN_64_TO_32_BIT_CONVERSION = YES;
				GCC_WARN_ABOUT_RETURN_TYPE = YES_ERROR;
				GCC_WARN_UNDECLARED_SELECTOR = YES;
				GCC_WARN_UNINITIALIZED_AUTOS = YES_AGGRESSIVE;
				GCC_WARN_UNUSED_FUNCTION = YES;
				GCC_WARN_UNUSED_VARIABLE = YES;
				IPHONEOS_DEPLOYMENT_TARGET = 12.4;
				MTL_ENABLE_DEBUG_INFO = INCLUDE_SOURCE;
				MTL_FAST_MATH = YES;
				ONLY_ACTIVE_ARCH = YES;
				SDKROOT = iphoneos;
				SWIFT_ACTIVE_COMPILATION_CONDITIONS = DEBUG;
				SWIFT_OPTIMIZATION_LEVEL = "-Onone";
			};
			name = Debug;
		};
		38B56787232C6DE3007960DB /* Release */ = {
			isa = XCBuildConfiguration;
			buildSettings = {
				ALWAYS_SEARCH_USER_PATHS = NO;
				CLANG_ANALYZER_NONNULL = YES;
				CLANG_ANALYZER_NUMBER_OBJECT_CONVERSION = YES_AGGRESSIVE;
				CLANG_CXX_LANGUAGE_STANDARD = "gnu++14";
				CLANG_CXX_LIBRARY = "libc++";
				CLANG_ENABLE_MODULES = YES;
				CLANG_ENABLE_OBJC_ARC = YES;
				CLANG_ENABLE_OBJC_WEAK = YES;
				CLANG_WARN_BLOCK_CAPTURE_AUTORELEASING = YES;
				CLANG_WARN_BOOL_CONVERSION = YES;
				CLANG_WARN_COMMA = YES;
				CLANG_WARN_CONSTANT_CONVERSION = YES;
				CLANG_WARN_DEPRECATED_OBJC_IMPLEMENTATIONS = YES;
				CLANG_WARN_DIRECT_OBJC_ISA_USAGE = YES_ERROR;
				CLANG_WARN_DOCUMENTATION_COMMENTS = YES;
				CLANG_WARN_EMPTY_BODY = YES;
				CLANG_WARN_ENUM_CONVERSION = YES;
				CLANG_WARN_INFINITE_RECURSION = YES;
				CLANG_WARN_INT_CONVERSION = YES;
				CLANG_WARN_NON_LITERAL_NULL_CONVERSION = YES;
				CLANG_WARN_OBJC_IMPLICIT_RETAIN_SELF = YES;
				CLANG_WARN_OBJC_LITERAL_CONVERSION = YES;
				CLANG_WARN_OBJC_ROOT_CLASS = YES_ERROR;
				CLANG_WARN_RANGE_LOOP_ANALYSIS = YES;
				CLANG_WARN_STRICT_PROTOTYPES = YES;
				CLANG_WARN_SUSPICIOUS_MOVE = YES;
				CLANG_WARN_UNGUARDED_AVAILABILITY = YES_AGGRESSIVE;
				CLANG_WARN_UNREACHABLE_CODE = YES;
				CLANG_WARN__DUPLICATE_METHOD_MATCH = YES;
				CODE_SIGN_IDENTITY = "iPhone Developer";
				COPY_PHASE_STRIP = NO;
				DEBUG_INFORMATION_FORMAT = "dwarf-with-dsym";
				ENABLE_NS_ASSERTIONS = NO;
				ENABLE_STRICT_OBJC_MSGSEND = YES;
				GCC_C_LANGUAGE_STANDARD = gnu11;
				GCC_NO_COMMON_BLOCKS = YES;
				GCC_WARN_64_TO_32_BIT_CONVERSION = YES;
				GCC_WARN_ABOUT_RETURN_TYPE = YES_ERROR;
				GCC_WARN_UNDECLARED_SELECTOR = YES;
				GCC_WARN_UNINITIALIZED_AUTOS = YES_AGGRESSIVE;
				GCC_WARN_UNUSED_FUNCTION = YES;
				GCC_WARN_UNUSED_VARIABLE = YES;
				IPHONEOS_DEPLOYMENT_TARGET = 12.4;
				MTL_ENABLE_DEBUG_INFO = NO;
				MTL_FAST_MATH = YES;
				SDKROOT = iphoneos;
				SWIFT_COMPILATION_MODE = wholemodule;
				SWIFT_OPTIMIZATION_LEVEL = "-O";
				VALIDATE_PRODUCT = YES;
			};
			name = Release;
		};
		38B56789232C6DE3007960DB /* Debug */ = {
			isa = XCBuildConfiguration;
			buildSettings = {
				ASSETCATALOG_COMPILER_APPICON_NAME = AppIcon;
				CODE_SIGN_STYLE = Automatic;
				INFOPLIST_FILE = VolleyballHub/Info.plist;
				LD_RUNPATH_SEARCH_PATHS = (
					"$(inherited)",
					"@executable_path/Frameworks",
				);
				PRODUCT_BUNDLE_IDENTIFIER = ConnorDunham.VolleyballHub;
				PRODUCT_NAME = "$(TARGET_NAME)";
				SWIFT_VERSION = 5.0;
				TARGETED_DEVICE_FAMILY = "1,2";
			};
			name = Debug;
		};
		38B5678A232C6DE3007960DB /* Release */ = {
			isa = XCBuildConfiguration;
			buildSettings = {
				ASSETCATALOG_COMPILER_APPICON_NAME = AppIcon;
				CODE_SIGN_STYLE = Automatic;
				INFOPLIST_FILE = VolleyballHub/Info.plist;
				LD_RUNPATH_SEARCH_PATHS = (
					"$(inherited)",
					"@executable_path/Frameworks",
				);
				PRODUCT_BUNDLE_IDENTIFIER = ConnorDunham.VolleyballHub;
				PRODUCT_NAME = "$(TARGET_NAME)";
				SWIFT_VERSION = 5.0;
				TARGETED_DEVICE_FAMILY = "1,2";
			};
			name = Release;
		};
/* End XCBuildConfiguration section */

/* Begin XCConfigurationList section */
		38B56771232C6DE1007960DB /* Build configuration list for PBXProject "VolleyballHub" */ = {
			isa = XCConfigurationList;
			buildConfigurations = (
				38B56786232C6DE3007960DB /* Debug */,
				38B56787232C6DE3007960DB /* Release */,
			);
			defaultConfigurationIsVisible = 0;
			defaultConfigurationName = Release;
		};
		38B56788232C6DE3007960DB /* Build configuration list for PBXNativeTarget "VolleyballHub" */ = {
			isa = XCConfigurationList;
			buildConfigurations = (
				38B56789232C6DE3007960DB /* Debug */,
				38B5678A232C6DE3007960DB /* Release */,
			);
			defaultConfigurationIsVisible = 0;
			defaultConfigurationName = Release;
		};
/* End XCConfigurationList section */

/* Begin XCVersionGroup section */
		382B0C0923335ECF003A4524 /* VolleyballHub.xcdatamodeld */ = {
			isa = XCVersionGroup;
			children = (
				382B0C0A23335ECF003A4524 /* VolleyballHub.xcdatamodel */,
			);
			currentVersion = 382B0C0A23335ECF003A4524 /* VolleyballHub.xcdatamodel */;
			path = VolleyballHub.xcdatamodeld;
			sourceTree = "<group>";
			versionGroupType = wrapper.xcdatamodel;
		};
/* End XCVersionGroup section */
	};
	rootObject = 38B5676E232C6DE1007960DB /* Project object */;
}
